
Microsoft Visual Studio Solution File, Format Version 12.00
Project("{FAE04EC0-301F-11D3-BF4B-00C04F79EFBC}") = "Validationals", "Validationals\Validationals.csproj", "{EE44B7EE-4382-429F-B138-DBD016E3BD1D}"
EndProject
Project("{FAE04EC0-301F-11D3-BF4B-00C04F79EFBC}") = "DrugDispenser", "DrugDispenser\DrugDispenser.csproj", "{3F37FA33-DE9A-4EA3-BBB0-0545548F66E2}"
EndProject
Project("{FAE04EC0-301F-11D3-BF4B-00C04F79EFBC}") = "Eik", "Eik\Eik.csproj", "{D3A8C55B-3052-4DCF-9545-3F3399AAE820}"
EndProject
Global
	GlobalSection(SolutionConfigurationPlatforms) = preSolution
		Debug|Any CPU = Debug|Any CPU
		Release|Any CPU = Release|Any CPU
	EndGlobalSection
	GlobalSection(ProjectConfigurationPlatforms) = postSolution
		{EE44B7EE-4382-429F-B138-DBD016E3BD1D}.Debug|Any CPU.ActiveCfg = Debug|Any CPU
		{EE44B7EE-4382-429F-B138-DBD016E3BD1D}.Debug|Any CPU.Build.0 = Debug|Any CPU
		{EE44B7EE-4382-429F-B138-DBD016E3BD1D}.Release|Any CPU.ActiveCfg = Release|Any CPU
		{EE44B7EE-4382-429F-B138-DBD016E3BD1D}.Release|Any CPU.Build.0 = Release|Any CPU
		{3F37FA33-DE9A-4EA3-BBB0-0545548F66E2}.Debug|Any CPU.ActiveCfg = Debug|Any CPU
		{3F37FA33-DE9A-4EA3-BBB0-0545548F66E2}.Debug|Any CPU.Build.0 = Debug|Any CPU
		{3F37FA33-DE9A-4EA3-BBB0-0545548F66E2}.Release|Any CPU.ActiveCfg = Release|Any CPU
		{3F37FA33-DE9A-4EA3-BBB0-0545548F66E2}.Release|Any CPU.Build.0 = Release|Any CPU
		{D3A8C55B-3052-4DCF-9545-3F3399AAE820}.Debug|Any CPU.ActiveCfg = Debug|Any CPU
		{D3A8C55B-3052-4DCF-9545-3F3399AAE820}.Debug|Any CPU.Build.0 = Debug|Any CPU
		{D3A8C55B-3052-4DCF-9545-3F3399AAE820}.Release|Any CPU.ActiveCfg = Release|Any CPU
		{D3A8C55B-3052-4DCF-9545-3F3399AAE820}.Release|Any CPU.Build.0 = Release|Any CPU
	EndGlobalSection
EndGlobal
